# This file is automatically @generated by Cargo.
# It is not intended for manual editing.
version = 4

[[package]]
name = "bitflags"
version = "2.11.0"
source = "registry+https://github.com/rust-lang/crates.io-index"
checksum = "843867be96c8daad0d758b57df9392b6d8d271134fce549de6ce169ff98a92af"

[[package]]
name = "cfg-if"
version = "1.0.4"
source = "registry+https://github.com/rust-lang/crates.io-index"
checksum = "9330f8b2ff13f34540b44e946ef35111825727b38d33286ef986142615121801"

[[package]]
name = "common"
version = "0.1.0"
dependencies = [
 "cfg-if",
]

[[package]]
name = "drivers"
version = "0.1.0"
dependencies = [
 "cfg-if",
 "common",
]

[[package]]
name = "kernel"
version = "0.1.0"
dependencies = [
 "bitflags",
 "cfg-if",
 "common",
 "drivers",
]

[[package]]
name = "user"
version = "0.1.0"
